{
  "name": "runpod-sdk",
  "version": "1.1.2",
  "lockfileVersion": 3,
  "requires": true,
  "packages": {
    "": {
      "name": "runpod-sdk",
      "version": "1.1.2",
      "dependencies": {
        "ramda": "^0.29.0",
        "xior": "^0.1.4"
      },
      "devDependencies": {
        "@types/node": "^20.0.0",
        "@types/ramda": "^0.29.7",
        "dotenv": "^16.3.1",
        "typescript": "^5.2.2"
      }
    },
    "node_modules/@types/node": {
      "version": "20.19.9",
      "resolved": "https://registry.npmjs.org/@types/node/-/node-20.19.9.tgz",
      "integrity": "sha512-cuVNgarYWZqxRJDQHEB58GEONhOK79QVR/qYx4S7kcUObQvUwvFnYxJuuHUKm2aieN9X3yZB4LZsuYNU1Qphsw==",
      "dev": true,
      "license": "MIT",
      "dependencies": {
        "undici-types": "~6.21.0"
      }
    },
    "node_modules/@types/ramda": {
      "version": "0.29.7",
      "resolved": "https://registry.npmjs.org/@types/ramda/-/ramda-0.29.7.tgz",
      "integrity": "sha512-IUl6U95qwlQtVvZkSX4ODj08oJVtPyWMFRtPVNqhxc2rt+Bh7lCzTrGMYMZ7dmRKcAjtot3xrPnYGwsjdt8gzQ==",
      "dev": true,
      "license": "MIT",
      "dependencies": {
        "types-ramda": "^0.29.5"
      }
    },
    "node_modules/dotenv": {
      "version": "16.3.1",
      "resolved": "https://registry.npmjs.org/dotenv/-/dotenv-16.3.1.tgz",
      "integrity": "sha512-IPzF4w4/Rd94bA9imS68tZBaYyBWSCE47V1RGuMrB94iyTOIEwRmVL2x/4An+6mETpLrKJ5hQkB8W4kFAadeIQ==",
      "dev": true,
      "license": "BSD-2-Clause",
      "engines": {
        "node": ">=12"
      },
      "funding": {
        "url": "https://github.com/motdotla/dotenv?sponsor=1"
      }
    },
    "node_modules/ramda": {
      "version": "0.29.1",
      "resolved": "https://registry.npmjs.org/ramda/-/ramda-0.29.1.tgz",
      "integrity": "sha512-OfxIeWzd4xdUNxlWhgFazxsA/nl3mS4/jGZI5n00uWOoSSFRhC1b6gl6xvmzUamgmqELraWp0J/qqVlXYPDPyA==",
      "license": "MIT",
      "funding": {
        "type": "opencollective",
        "url": "https://opencollective.com/ramda"
      }
    },
    "node_modules/tiny-lru": {
      "version": "11.2.5",
      "resolved": "https://registry.npmjs.org/tiny-lru/-/tiny-lru-11.2.5.tgz",
      "integrity": "sha512-JpqM0K33lG6iQGKiigcwuURAKZlq6rHXfrgeL4/I8/REoyJTGU+tEMszvT/oTRVHG2OiylhGDjqPp1jWMlr3bw==",
      "license": "BSD-3-Clause",
      "engines": {
        "node": ">=12"
      }
    },
    "node_modules/ts-deepmerge": {
      "version": "7.0.0",
      "resolved": "https://registry.npmjs.org/ts-deepmerge/-/ts-deepmerge-7.0.0.tgz",
      "integrity": "sha512-WZ/iAJrKDhdINv1WG6KZIGHrZDar6VfhftG1QJFpVbOYZMYJLJOvZOo1amictRXVdBXZIgBHKswMTXzElngprA==",
      "license": "ISC",
      "engines": {
        "node": ">=14.13.1"
      }
    },
    "node_modules/ts-toolbelt": {
      "version": "9.6.0",
      "resolved": "https://registry.npmjs.org/ts-toolbelt/-/ts-toolbelt-9.6.0.tgz",
      "integrity": "sha512-nsZd8ZeNUzukXPlJmTBwUAuABDe/9qtVDelJeT/qW0ow3ZS3BsQJtNkan1802aM9Uf68/Y8ljw86Hu0h5IUW3w==",
      "dev": true,
      "license": "Apache-2.0"
    },
    "node_modules/types-ramda": {
      "version": "0.29.5",
      "resolved": "https://registry.npmjs.org/types-ramda/-/types-ramda-0.29.5.tgz",
      "integrity": "sha512-u+bAYXHDPJR+amB0qMrMU/NXRB2PG8QqpO2v6j7yK/0mPZhlaaZj++ynYjnVpkPEpCkZEGxNpWY3X7qyLCGE3w==",
      "dev": true,
      "license": "MIT",
      "dependencies": {
        "ts-toolbelt": "^9.6.0"
      }
    },
    "node_modules/typescript": {
      "version": "5.2.2",
      "resolved": "https://registry.npmjs.org/typescript/-/typescript-5.2.2.tgz",
      "integrity": "sha512-mI4WrpHsbCIcwT9cF4FZvr80QUeKvsUsUvKDoR+X/7XHQH98xYD8YHZg7ANtz2GtZt/CBq2QJ0thkGJMHfqc1w==",
      "dev": true,
      "license": "Apache-2.0",
      "bin": {
        "tsc": "bin/tsc",
        "tsserver": "bin/tsserver"
      },
      "engines": {
        "node": ">=14.17"
      }
    },
    "node_modules/undici-types": {
      "version": "6.21.0",
      "resolved": "https://registry.npmjs.org/undici-types/-/undici-types-6.21.0.tgz",
      "integrity": "sha512-iwDZqg0QAGrg9Rav5H4n0M64c3mkR59cJ6wQp+7C4nI0gsmExaedaYLNO44eT4AtBBwjbTiGPMlt2Md0T9H9JQ==",
      "dev": true,
      "license": "MIT"
    },
    "node_modules/xior": {
      "version": "0.1.4",
      "resolved": "https://registry.npmjs.org/xior/-/xior-0.1.4.tgz",
      "integrity": "sha512-vigS5TEZEmM76FeE/tmIhp0MX9dHOdysxMTKtWgzjbuPK5Hmgi+zwgiI6xVShMkQqPf6mpXIcywYidOJwmksaw==",
      "license": "MIT",
      "dependencies": {
        "tiny-lru": "^11.2.5",
        "ts-deepmerge": "^7.0.0"
      }
    }
  }
}
