# THIS IS AN AUTOGENERATED FILE. DO NOT EDIT THIS FILE DIRECTLY.
# yarn lockfile v1


"@types/node@^20.0.0":
  version "20.19.9"
  resolved "https://registry.npmjs.org/@types/node/-/node-20.19.9.tgz"
  integrity sha512-cuVNgarYWZqxRJDQHEB58GEONhOK79QVR/qYx4S7kcUObQvUwvFnYxJuuHUKm2aieN9X3yZB4LZsuYNU1Qphsw==
  dependencies:
    undici-types "~6.21.0"

"@types/ramda@^0.29.7":
  version "0.29.7"
  resolved "https://registry.npmjs.org/@types/ramda/-/ramda-0.29.7.tgz"
  integrity sha512-IUl6U95qwlQtVvZkSX4ODj08oJVtPyWMFRtPVNqhxc2rt+Bh7lCzTrGMYMZ7dmRKcAjtot3xrPnYGwsjdt8gzQ==
  dependencies:
    types-ramda "^0.29.5"

dotenv@^16.3.1:
  version "16.3.1"
  resolved "https://registry.npmjs.org/dotenv/-/dotenv-16.3.1.tgz"
  integrity sha512-IPzF4w4/Rd94bA9imS68tZBaYyBWSCE47V1RGuMrB94iyTOIEwRmVL2x/4An+6mETpLrKJ5hQkB8W4kFAadeIQ==

ramda@^0.29.0:
  version "0.29.1"
  resolved "https://registry.npmjs.org/ramda/-/ramda-0.29.1.tgz"
  integrity sha512-OfxIeWzd4xdUNxlWhgFazxsA/nl3mS4/jGZI5n00uWOoSSFRhC1b6gl6xvmzUamgmqELraWp0J/qqVlXYPDPyA==

tiny-lru@^11.2.5:
  version "11.2.5"
  resolved "https://registry.npmjs.org/tiny-lru/-/tiny-lru-11.2.5.tgz"
  integrity sha512-JpqM0K33lG6iQGKiigcwuURAKZlq6rHXfrgeL4/I8/REoyJTGU+tEMszvT/oTRVHG2OiylhGDjqPp1jWMlr3bw==

ts-deepmerge@^7.0.0:
  version "7.0.0"
  resolved "https://registry.npmjs.org/ts-deepmerge/-/ts-deepmerge-7.0.0.tgz"
  integrity sha512-WZ/iAJrKDhdINv1WG6KZIGHrZDar6VfhftG1QJFpVbOYZMYJLJOvZOo1amictRXVdBXZIgBHKswMTXzElngprA==

ts-toolbelt@^9.6.0:
  version "9.6.0"
  resolved "https://registry.npmjs.org/ts-toolbelt/-/ts-toolbelt-9.6.0.tgz"
  integrity sha512-nsZd8ZeNUzukXPlJmTBwUAuABDe/9qtVDelJeT/qW0ow3ZS3BsQJtNkan1802aM9Uf68/Y8ljw86Hu0h5IUW3w==

types-ramda@^0.29.5:
  version "0.29.5"
  resolved "https://registry.npmjs.org/types-ramda/-/types-ramda-0.29.5.tgz"
  integrity sha512-u+bAYXHDPJR+amB0qMrMU/NXRB2PG8QqpO2v6j7yK/0mPZhlaaZj++ynYjnVpkPEpCkZEGxNpWY3X7qyLCGE3w==
  dependencies:
    ts-toolbelt "^9.6.0"

typescript@^5.2.2:
  version "5.2.2"
  resolved "https://registry.npmjs.org/typescript/-/typescript-5.2.2.tgz"
  integrity sha512-mI4WrpHsbCIcwT9cF4FZvr80QUeKvsUsUvKDoR+X/7XHQH98xYD8YHZg7ANtz2GtZt/CBq2QJ0thkGJMHfqc1w==

undici-types@~6.21.0:
  version "6.21.0"
  resolved "https://registry.npmjs.org/undici-types/-/undici-types-6.21.0.tgz"
  integrity sha512-iwDZqg0QAGrg9Rav5H4n0M64c3mkR59cJ6wQp+7C4nI0gsmExaedaYLNO44eT4AtBBwjbTiGPMlt2Md0T9H9JQ==

xior@^0.1.4:
  version "0.1.4"
  resolved "https://registry.npmjs.org/xior/-/xior-0.1.4.tgz"
  integrity sha512-vigS5TEZEmM76FeE/tmIhp0MX9dHOdysxMTKtWgzjbuPK5Hmgi+zwgiI6xVShMkQqPf6mpXIcywYidOJwmksaw==
  dependencies:
    tiny-lru "^11.2.5"
    ts-deepmerge "^7.0.0"
